
Microsoft Visual Studio Solution File, Format Version 12.00
# Visual Studio 2012
Project("{2150E333-8FDC-42A3-9474-1A3956D46DE8}") = "09 Dependencies", "09 Dependencies", "{D32CC044-DC1F-4FD5-BFFE-5A09AD83DD52}"
EndProject
Project("{2150E333-8FDC-42A3-9474-1A3956D46DE8}") = "SharePoint2013", "SharePoint2013", "{93F48884-D915-4764-BBED-97F4ACA13F58}"
	ProjectSection(SolutionItems) = preProject
		09 Dependencies\SharePoint2013\sharepointclientcomponents_x64.msi = 09 Dependencies\SharePoint2013\sharepointclientcomponents_x64.msi
	EndProjectSection
EndProject
Project("{2150E333-8FDC-42A3-9474-1A3956D46DE8}") = "01 Core", "01 Core", "{4FFDD784-6433-46EF-98C3-9CCB693C4BE4}"
EndProject
Project("{2150E333-8FDC-42A3-9474-1A3956D46DE8}") = "02 Client", "02 Client", "{B3FA2132-074F-4590-A45B-FC99DAF00223}"
EndProject
Project("{2150E333-8FDC-42A3-9474-1A3956D46DE8}") = "03 Server", "03 Server", "{2BBCF089-3F2C-4CDE-A19F-83F45AECCC00}"
EndProject
Project("{FAE04EC0-301F-11D3-BF4B-00C04F79EFBC}") = "azureftp-for-sharepoint.server", "03 Server\azureftp-for-sharepoint.server\azureftp-for-sharepoint.server.csproj", "{946335FD-A98D-40C3-828C-28E033C846F5}"
EndProject
Project("{FAE04EC0-301F-11D3-BF4B-00C04F79EFBC}") = "azureftp-for-sharepoint.client", "02 Client\azureftp-for-sharepoint.client\azureftp-for-sharepoint.client.csproj", "{2A9B1617-6E29-4755-9EBB-66501830B918}"
EndProject
Project("{2150E333-8FDC-42A3-9474-1A3956D46DE8}") = "08 Documents", "08 Documents", "{2EA4D395-A448-49D0-AE86-739C5DF89AD3}"
	ProjectSection(SolutionItems) = preProject
		08 Documents\azureftp-notes.txt = 08 Documents\azureftp-notes.txt
		08 Documents\links.txt = 08 Documents\links.txt
		08 Documents\todo.txt = 08 Documents\todo.txt
	EndProjectSection
EndProject
Project("{2150E333-8FDC-42A3-9474-1A3956D46DE8}") = "07 Testers", "07 Testers", "{9CB0910D-4658-4370-99BD-C33A131EC5D1}"
EndProject
Project("{2150E333-8FDC-42A3-9474-1A3956D46DE8}") = "InstallShieldLimitedEdition", "InstallShieldLimitedEdition", "{30201ABA-1B2C-4A41-99B0-688314F965CB}"
EndProject
Project("{2150E333-8FDC-42A3-9474-1A3956D46DE8}") = "WIX", "WIX", "{40B9CFFA-C077-45B3-A97F-937DEA4BDA77}"
	ProjectSection(SolutionItems) = preProject
		09 Dependencies\WIX\wix37.exe = 09 Dependencies\WIX\wix37.exe
	EndProjectSection
EndProject
Project("{930C7802-8A8C-48F9-8165-68863BCCD9DD}") = "SetupAzureFtpForSharePoint", "03 Server\SetupAzureFtpForSharePoint\SetupAzureFtpForSharePoint.wixproj", "{53273690-51BB-43BB-8BDD-88760BAFEE30}"
EndProject
Project("{FAE04EC0-301F-11D3-BF4B-00C04F79EFBC}") = "Server.ServiceContracts", "03 Server\Server.ServiceContracts\Server.ServiceContracts.csproj", "{69D3E71B-E9F7-4E0C-98A1-D14B3111B45E}"
EndProject
Project("{FAE04EC0-301F-11D3-BF4B-00C04F79EFBC}") = "Server.DataContracts", "03 Server\Server.DataContracts\Server.DataContracts.csproj", "{4B0B5DD2-3E62-4BA7-B18F-A45FBBDC3A4F}"
EndProject
Project("{FAE04EC0-301F-11D3-BF4B-00C04F79EFBC}") = "Server.Implementation", "03 Server\Server.Implementation\Server.Implementation.csproj", "{DF5D7133-67A1-4065-97FC-439FE14127A8}"
EndProject
Project("{FAE04EC0-301F-11D3-BF4B-00C04F79EFBC}") = "Core.SharePointLibrary", "01 Core\Core.SharePointLibrary\Core.SharePointLibrary.csproj", "{7001C3E1-CC94-42AC-837B-9AB0A278391E}"
EndProject
Global
	GlobalSection(SolutionConfigurationPlatforms) = preSolution
		Debug|Any CPU = Debug|Any CPU
		Debug|Mixed Platforms = Debug|Mixed Platforms
		Debug|x86 = Debug|x86
		Release|Any CPU = Release|Any CPU
		Release|Mixed Platforms = Release|Mixed Platforms
		Release|x86 = Release|x86
	EndGlobalSection
	GlobalSection(ProjectConfigurationPlatforms) = postSolution
		{946335FD-A98D-40C3-828C-28E033C846F5}.Debug|Any CPU.ActiveCfg = Debug|Any CPU
		{946335FD-A98D-40C3-828C-28E033C846F5}.Debug|Any CPU.Build.0 = Debug|Any CPU
		{946335FD-A98D-40C3-828C-28E033C846F5}.Debug|Mixed Platforms.ActiveCfg = Debug|Any CPU
		{946335FD-A98D-40C3-828C-28E033C846F5}.Debug|Mixed Platforms.Build.0 = Debug|Any CPU
		{946335FD-A98D-40C3-828C-28E033C846F5}.Debug|x86.ActiveCfg = Debug|Any CPU
		{946335FD-A98D-40C3-828C-28E033C846F5}.Release|Any CPU.ActiveCfg = Release|Any CPU
		{946335FD-A98D-40C3-828C-28E033C846F5}.Release|Any CPU.Build.0 = Release|Any CPU
		{946335FD-A98D-40C3-828C-28E033C846F5}.Release|Mixed Platforms.ActiveCfg = Release|Any CPU
		{946335FD-A98D-40C3-828C-28E033C846F5}.Release|Mixed Platforms.Build.0 = Release|Any CPU
		{946335FD-A98D-40C3-828C-28E033C846F5}.Release|x86.ActiveCfg = Release|Any CPU
		{2A9B1617-6E29-4755-9EBB-66501830B918}.Debug|Any CPU.ActiveCfg = Debug|Any CPU
		{2A9B1617-6E29-4755-9EBB-66501830B918}.Debug|Any CPU.Build.0 = Debug|Any CPU
		{2A9B1617-6E29-4755-9EBB-66501830B918}.Debug|Mixed Platforms.ActiveCfg = Debug|Any CPU
		{2A9B1617-6E29-4755-9EBB-66501830B918}.Debug|Mixed Platforms.Build.0 = Debug|Any CPU
		{2A9B1617-6E29-4755-9EBB-66501830B918}.Debug|x86.ActiveCfg = Debug|Any CPU
		{2A9B1617-6E29-4755-9EBB-66501830B918}.Release|Any CPU.ActiveCfg = Release|Any CPU
		{2A9B1617-6E29-4755-9EBB-66501830B918}.Release|Any CPU.Build.0 = Release|Any CPU
		{2A9B1617-6E29-4755-9EBB-66501830B918}.Release|Mixed Platforms.ActiveCfg = Release|Any CPU
		{2A9B1617-6E29-4755-9EBB-66501830B918}.Release|Mixed Platforms.Build.0 = Release|Any CPU
		{2A9B1617-6E29-4755-9EBB-66501830B918}.Release|x86.ActiveCfg = Release|Any CPU
		{53273690-51BB-43BB-8BDD-88760BAFEE30}.Debug|Any CPU.ActiveCfg = Debug|x86
		{53273690-51BB-43BB-8BDD-88760BAFEE30}.Debug|Mixed Platforms.ActiveCfg = Debug|x86
		{53273690-51BB-43BB-8BDD-88760BAFEE30}.Debug|Mixed Platforms.Build.0 = Debug|x86
		{53273690-51BB-43BB-8BDD-88760BAFEE30}.Debug|x86.ActiveCfg = Debug|x86
		{53273690-51BB-43BB-8BDD-88760BAFEE30}.Debug|x86.Build.0 = Debug|x86
		{53273690-51BB-43BB-8BDD-88760BAFEE30}.Release|Any CPU.ActiveCfg = Release|x86
		{53273690-51BB-43BB-8BDD-88760BAFEE30}.Release|Mixed Platforms.ActiveCfg = Release|x86
		{53273690-51BB-43BB-8BDD-88760BAFEE30}.Release|Mixed Platforms.Build.0 = Release|x86
		{53273690-51BB-43BB-8BDD-88760BAFEE30}.Release|x86.ActiveCfg = Release|x86
		{53273690-51BB-43BB-8BDD-88760BAFEE30}.Release|x86.Build.0 = Release|x86
		{69D3E71B-E9F7-4E0C-98A1-D14B3111B45E}.Debug|Any CPU.ActiveCfg = Debug|Any CPU
		{69D3E71B-E9F7-4E0C-98A1-D14B3111B45E}.Debug|Any CPU.Build.0 = Debug|Any CPU
		{69D3E71B-E9F7-4E0C-98A1-D14B3111B45E}.Debug|Mixed Platforms.ActiveCfg = Debug|Any CPU
		{69D3E71B-E9F7-4E0C-98A1-D14B3111B45E}.Debug|Mixed Platforms.Build.0 = Debug|Any CPU
		{69D3E71B-E9F7-4E0C-98A1-D14B3111B45E}.Debug|x86.ActiveCfg = Debug|Any CPU
		{69D3E71B-E9F7-4E0C-98A1-D14B3111B45E}.Release|Any CPU.ActiveCfg = Release|Any CPU
		{69D3E71B-E9F7-4E0C-98A1-D14B3111B45E}.Release|Any CPU.Build.0 = Release|Any CPU
		{69D3E71B-E9F7-4E0C-98A1-D14B3111B45E}.Release|Mixed Platforms.ActiveCfg = Release|Any CPU
		{69D3E71B-E9F7-4E0C-98A1-D14B3111B45E}.Release|Mixed Platforms.Build.0 = Release|Any CPU
		{69D3E71B-E9F7-4E0C-98A1-D14B3111B45E}.Release|x86.ActiveCfg = Release|Any CPU
		{4B0B5DD2-3E62-4BA7-B18F-A45FBBDC3A4F}.Debug|Any CPU.ActiveCfg = Debug|Any CPU
		{4B0B5DD2-3E62-4BA7-B18F-A45FBBDC3A4F}.Debug|Any CPU.Build.0 = Debug|Any CPU
		{4B0B5DD2-3E62-4BA7-B18F-A45FBBDC3A4F}.Debug|Mixed Platforms.ActiveCfg = Debug|Any CPU
		{4B0B5DD2-3E62-4BA7-B18F-A45FBBDC3A4F}.Debug|Mixed Platforms.Build.0 = Debug|Any CPU
		{4B0B5DD2-3E62-4BA7-B18F-A45FBBDC3A4F}.Debug|x86.ActiveCfg = Debug|Any CPU
		{4B0B5DD2-3E62-4BA7-B18F-A45FBBDC3A4F}.Release|Any CPU.ActiveCfg = Release|Any CPU
		{4B0B5DD2-3E62-4BA7-B18F-A45FBBDC3A4F}.Release|Any CPU.Build.0 = Release|Any CPU
		{4B0B5DD2-3E62-4BA7-B18F-A45FBBDC3A4F}.Release|Mixed Platforms.ActiveCfg = Release|Any CPU
		{4B0B5DD2-3E62-4BA7-B18F-A45FBBDC3A4F}.Release|Mixed Platforms.Build.0 = Release|Any CPU
		{4B0B5DD2-3E62-4BA7-B18F-A45FBBDC3A4F}.Release|x86.ActiveCfg = Release|Any CPU
		{DF5D7133-67A1-4065-97FC-439FE14127A8}.Debug|Any CPU.ActiveCfg = Debug|Any CPU
		{DF5D7133-67A1-4065-97FC-439FE14127A8}.Debug|Any CPU.Build.0 = Debug|Any CPU
		{DF5D7133-67A1-4065-97FC-439FE14127A8}.Debug|Mixed Platforms.ActiveCfg = Debug|Any CPU
		{DF5D7133-67A1-4065-97FC-439FE14127A8}.Debug|Mixed Platforms.Build.0 = Debug|Any CPU
		{DF5D7133-67A1-4065-97FC-439FE14127A8}.Debug|x86.ActiveCfg = Debug|Any CPU
		{DF5D7133-67A1-4065-97FC-439FE14127A8}.Release|Any CPU.ActiveCfg = Release|Any CPU
		{DF5D7133-67A1-4065-97FC-439FE14127A8}.Release|Any CPU.Build.0 = Release|Any CPU
		{DF5D7133-67A1-4065-97FC-439FE14127A8}.Release|Mixed Platforms.ActiveCfg = Release|Any CPU
		{DF5D7133-67A1-4065-97FC-439FE14127A8}.Release|Mixed Platforms.Build.0 = Release|Any CPU
		{DF5D7133-67A1-4065-97FC-439FE14127A8}.Release|x86.ActiveCfg = Release|Any CPU
		{7001C3E1-CC94-42AC-837B-9AB0A278391E}.Debug|Any CPU.ActiveCfg = Debug|Any CPU
		{7001C3E1-CC94-42AC-837B-9AB0A278391E}.Debug|Any CPU.Build.0 = Debug|Any CPU
		{7001C3E1-CC94-42AC-837B-9AB0A278391E}.Debug|Mixed Platforms.ActiveCfg = Debug|Any CPU
		{7001C3E1-CC94-42AC-837B-9AB0A278391E}.Debug|Mixed Platforms.Build.0 = Debug|Any CPU
		{7001C3E1-CC94-42AC-837B-9AB0A278391E}.Debug|x86.ActiveCfg = Debug|Any CPU
		{7001C3E1-CC94-42AC-837B-9AB0A278391E}.Release|Any CPU.ActiveCfg = Release|Any CPU
		{7001C3E1-CC94-42AC-837B-9AB0A278391E}.Release|Any CPU.Build.0 = Release|Any CPU
		{7001C3E1-CC94-42AC-837B-9AB0A278391E}.Release|Mixed Platforms.ActiveCfg = Release|Any CPU
		{7001C3E1-CC94-42AC-837B-9AB0A278391E}.Release|Mixed Platforms.Build.0 = Release|Any CPU
		{7001C3E1-CC94-42AC-837B-9AB0A278391E}.Release|x86.ActiveCfg = Release|Any CPU
	EndGlobalSection
	GlobalSection(SolutionProperties) = preSolution
		HideSolutionNode = FALSE
	EndGlobalSection
	GlobalSection(NestedProjects) = preSolution
		{93F48884-D915-4764-BBED-97F4ACA13F58} = {D32CC044-DC1F-4FD5-BFFE-5A09AD83DD52}
		{30201ABA-1B2C-4A41-99B0-688314F965CB} = {D32CC044-DC1F-4FD5-BFFE-5A09AD83DD52}
		{40B9CFFA-C077-45B3-A97F-937DEA4BDA77} = {D32CC044-DC1F-4FD5-BFFE-5A09AD83DD52}
		{7001C3E1-CC94-42AC-837B-9AB0A278391E} = {4FFDD784-6433-46EF-98C3-9CCB693C4BE4}
		{2A9B1617-6E29-4755-9EBB-66501830B918} = {B3FA2132-074F-4590-A45B-FC99DAF00223}
		{946335FD-A98D-40C3-828C-28E033C846F5} = {2BBCF089-3F2C-4CDE-A19F-83F45AECCC00}
		{53273690-51BB-43BB-8BDD-88760BAFEE30} = {2BBCF089-3F2C-4CDE-A19F-83F45AECCC00}
		{69D3E71B-E9F7-4E0C-98A1-D14B3111B45E} = {2BBCF089-3F2C-4CDE-A19F-83F45AECCC00}
		{4B0B5DD2-3E62-4BA7-B18F-A45FBBDC3A4F} = {2BBCF089-3F2C-4CDE-A19F-83F45AECCC00}
		{DF5D7133-67A1-4065-97FC-439FE14127A8} = {2BBCF089-3F2C-4CDE-A19F-83F45AECCC00}
	EndGlobalSection
EndGlobal
